# This file is autogenerated, do not edit; changes may be undone by the next 'dep ensure'.


[[projects]]
  digest = "1:6c0f1bc4d83abbdcb860204b7935b5cf072d449e225c33946b68968aa06d20a0"
  name = "github.com/armon/go-metrics"
  packages = ["."]
  pruneopts = "UT"
  revision = "3df31a1ada83e310c2e24b267c8e8b68836547b4"

[[projects]]
  digest = "1:b8d8afedc1ea9028d6b8a037a61acaf5bac8ffb1ceb4b285a0af6654bfc62f16"
  name = "github.com/go-chi/chi"
  packages = ["."]
  pruneopts = "UT"
  revision = "1a6bb108ccf279c8dac6f9bad857d773b4f9b421"
  version = "v4.0.1"

[[projects]]
  digest = "1:1b9c99915ccf7df1e6085259ebf137a7b11fab87f47c382b3ec7a7ab51fbe2d8"
  name = "github.com/hashicorp/consul"
  packages = ["api"]
  pruneopts = "UT"
  revision = "c97c712e96e0e53308054d5e1180289fe02dce38"
  version = "v1.4.2"

[[projects]]
  digest = "1:77cb3be9b21ba7f1a4701e870c84ea8b66e7d74c7c8951c58155fdadae9414ec"
  name = "github.com/hashicorp/go-cleanhttp"
  packages = ["."]
  pruneopts = "UT"
  revision = "d5fe4b57a186c716b0e00b8c301cbd9b4182694d"

[[projects]]
  digest = "1:45aad874d3c7d5e8610427c81870fb54970b981692930ec2a319ce4cb89d7a00"
  name = "github.com/hashicorp/go-rootcerts"
  packages = ["."]
  pruneopts = "UT"
  revision = "6bb64b370b90e7ef1fa532be9e591a81c3493e00"

[[projects]]
  digest = "1:acc81e4e4289587b257ccdfccbc6eaf16d4c2fb57dda73c6bb349bf50f02501f"
  name = "github.com/hashicorp/serf"
  packages = ["coordinate"]
  pruneopts = "UT"
  revision = "65da6f27f6e551e03d99364ecc0607e91e526b00"

[[projects]]
  digest = "1:5d231480e1c64a726869bc4142d270184c419749d34f167646baa21008eb0a79"
  name = "github.com/mitchellh/go-homedir"
  packages = ["."]
  pruneopts = "UT"
  revision = "af06845cf3004701891bf4fdb884bfe4920b3727"
  version = "v1.1.0"

[[projects]]
  digest = "1:bba69fe95a60f59a68df402c23d57ffdc5596200901189958aea969c468d550f"
  name = "github.com/mitchellh/mapstructure"
  packages = ["."]
  pruneopts = "UT"
  revision = "5a380f224700b8a6c4eaad048804f5bff514cb35"

[[projects]]
  digest = "1:c2a594011eed07da14918c519a5b1d08e4bafb2497037f6a426dc310428df4d3"
  name = "github.com/segmentio/ksuid"
  packages = ["."]
  pruneopts = "UT"
  revision = "ffd9a8aaaf8f40792e055371eba06542348e991e"
  version = "v1.0.2"

[[projects]]
  digest = "1:b24d38b282bacf9791408a080f606370efa3d364e4b5fd9ba0f7b87786d3b679"
  name = "github.com/urfave/cli"
  packages = ["."]
  pruneopts = "UT"
  revision = "cfb38830724cc34fedffe9a2a29fb54fa9169cd1"
  version = "v1.20.0"

[solve-meta]
  analyzer-name = "dep"
  analyzer-version = 1
  input-imports = [
    "github.com/go-chi/chi",
    "github.com/hashicorp/consul/api",
    "github.com/segmentio/ksuid",
    "github.com/urfave/cli",
  ]
  solver-name = "gps-cdcl"
  solver-version = 1
